
Microsoft Visual Studio Solution File, Format Version 12.00
# Visual Studio Version 16
VisualStudioVersion = 16.0.32106.194
MinimumVisualStudioVersion = 10.0.40219.1
Project("{FAE04EC0-301F-11D3-BF4B-00C04F79EFBC}") = "inputTest_I", "inputTest_I\inputTest_I.csproj", "{60CC3AF0-B4B4-42B8-BFB6-C99873833092}"
EndProject
Global
	GlobalSection(SolutionConfigurationPlatforms) = preSolution
		Debug|Any CPU = Debug|Any CPU
		Release|Any CPU = Release|Any CPU
	EndGlobalSection
	GlobalSection(ProjectConfigurationPlatforms) = postSolution
		{60CC3AF0-B4B4-42B8-BFB6-C99873833092}.Debug|Any CPU.ActiveCfg = Debug|Any CPU
		{60CC3AF0-B4B4-42B8-BFB6-C99873833092}.Debug|Any CPU.Build.0 = Debug|Any CPU
		{60CC3AF0-B4B4-42B8-BFB6-C99873833092}.Release|Any CPU.ActiveCfg = Release|Any CPU
		{60CC3AF0-B4B4-42B8-BFB6-C99873833092}.Release|Any CPU.Build.0 = Release|Any CPU
	EndGlobalSection
	GlobalSection(SolutionProperties) = preSolution
		HideSolutionNode = FALSE
	EndGlobalSection
	GlobalSection(ExtensibilityGlobals) = postSolution
		SolutionGuid = {ABABE34C-7B44-48DF-9DFD-890191E38C12}
	EndGlobalSection
EndGlobal
